
Microsoft Visual Studio Solution File, Format Version 12.00
# Visual Studio Version 17
VisualStudioVersion = 17.7.34202.233
MinimumVisualStudioVersion = 10.0.40219.1
Project("{FAE04EC0-301F-11D3-BF4B-00C04F79EFBC}") = "Teste1", "Teste1\Teste1.csproj", "{16DA3F06-E43F-433F-BC65-AAEAEA6915BB}"
EndProject
Global
	GlobalSection(SolutionConfigurationPlatforms) = preSolution
		Debug|Any CPU = Debug|Any CPU
		Release|Any CPU = Release|Any CPU
	EndGlobalSection
	GlobalSection(ProjectConfigurationPlatforms) = postSolution
		{16DA3F06-E43F-433F-BC65-AAEAEA6915BB}.Debug|Any CPU.ActiveCfg = Debug|Any CPU
		{16DA3F06-E43F-433F-BC65-AAEAEA6915BB}.Debug|Any CPU.Build.0 = Debug|Any CPU
		{16DA3F06-E43F-433F-BC65-AAEAEA6915BB}.Release|Any CPU.ActiveCfg = Release|Any CPU
		{16DA3F06-E43F-433F-BC65-AAEAEA6915BB}.Release|Any CPU.Build.0 = Release|Any CPU
	EndGlobalSection
	GlobalSection(SolutionProperties) = preSolution
		HideSolutionNode = FALSE
	EndGlobalSection
	GlobalSection(ExtensibilityGlobals) = postSolution
		SolutionGuid = {FE730586-0BB9-4E7B-9695-4ECAA0D84AE0}
	EndGlobalSection
EndGlobal
