
Microsoft Visual Studio Solution File, Format Version 12.00
# Visual Studio Version 17
VisualStudioVersion = 17.6.33829.357
MinimumVisualStudioVersion = 10.0.40219.1
Project("{FAE04EC0-301F-11D3-BF4B-00C04F79EFBC}") = "Switch", "Switch.csproj", "{FAC46C08-C713-42CE-8F24-BEFD46D4F3EB}"
EndProject
Global
	GlobalSection(SolutionConfigurationPlatforms) = preSolution
		Debug|Any CPU = Debug|Any CPU
		Release|Any CPU = Release|Any CPU
	EndGlobalSection
	GlobalSection(ProjectConfigurationPlatforms) = postSolution
		{FAC46C08-C713-42CE-8F24-BEFD46D4F3EB}.Debug|Any CPU.ActiveCfg = Debug|Any CPU
		{FAC46C08-C713-42CE-8F24-BEFD46D4F3EB}.Debug|Any CPU.Build.0 = Debug|Any CPU
		{FAC46C08-C713-42CE-8F24-BEFD46D4F3EB}.Release|Any CPU.ActiveCfg = Release|Any CPU
		{FAC46C08-C713-42CE-8F24-BEFD46D4F3EB}.Release|Any CPU.Build.0 = Release|Any CPU
	EndGlobalSection
	GlobalSection(SolutionProperties) = preSolution
		HideSolutionNode = FALSE
	EndGlobalSection
	GlobalSection(ExtensibilityGlobals) = postSolution
		SolutionGuid = {94F8AAF8-1C70-4A80-BB83-0B16D5139157}
	EndGlobalSection
EndGlobal
