
Microsoft Visual Studio Solution File, Format Version 12.00
# Visual Studio Version 17
VisualStudioVersion = 17.6.33829.357
MinimumVisualStudioVersion = 10.0.40219.1
Project("{FAE04EC0-301F-11D3-BF4B-00C04F79EFBC}") = "TesteAula", "TesteAula.csproj", "{D440F8F6-88CF-472C-9D85-9E37B37E6EC2}"
EndProject
Global
	GlobalSection(SolutionConfigurationPlatforms) = preSolution
		Debug|Any CPU = Debug|Any CPU
		Release|Any CPU = Release|Any CPU
	EndGlobalSection
	GlobalSection(ProjectConfigurationPlatforms) = postSolution
		{D440F8F6-88CF-472C-9D85-9E37B37E6EC2}.Debug|Any CPU.ActiveCfg = Debug|Any CPU
		{D440F8F6-88CF-472C-9D85-9E37B37E6EC2}.Debug|Any CPU.Build.0 = Debug|Any CPU
		{D440F8F6-88CF-472C-9D85-9E37B37E6EC2}.Release|Any CPU.ActiveCfg = Release|Any CPU
		{D440F8F6-88CF-472C-9D85-9E37B37E6EC2}.Release|Any CPU.Build.0 = Release|Any CPU
	EndGlobalSection
	GlobalSection(SolutionProperties) = preSolution
		HideSolutionNode = FALSE
	EndGlobalSection
	GlobalSection(ExtensibilityGlobals) = postSolution
		SolutionGuid = {1248DF13-C251-4C5B-ACE3-CD162A2B4D6C}
	EndGlobalSection
EndGlobal
