
Microsoft Visual Studio Solution File, Format Version 12.00
# Visual Studio Version 17
VisualStudioVersion = 17.6.33829.357
MinimumVisualStudioVersion = 10.0.40219.1
Project("{FAE04EC0-301F-11D3-BF4B-00C04F79EFBC}") = "ConversorTemperatura", "ConversorTemperatura.csproj", "{E132DE67-1788-4D32-8506-10E73DF5DE2E}"
EndProject
Global
	GlobalSection(SolutionConfigurationPlatforms) = preSolution
		Debug|Any CPU = Debug|Any CPU
		Release|Any CPU = Release|Any CPU
	EndGlobalSection
	GlobalSection(ProjectConfigurationPlatforms) = postSolution
		{E132DE67-1788-4D32-8506-10E73DF5DE2E}.Debug|Any CPU.ActiveCfg = Debug|Any CPU
		{E132DE67-1788-4D32-8506-10E73DF5DE2E}.Debug|Any CPU.Build.0 = Debug|Any CPU
		{E132DE67-1788-4D32-8506-10E73DF5DE2E}.Release|Any CPU.ActiveCfg = Release|Any CPU
		{E132DE67-1788-4D32-8506-10E73DF5DE2E}.Release|Any CPU.Build.0 = Release|Any CPU
	EndGlobalSection
	GlobalSection(SolutionProperties) = preSolution
		HideSolutionNode = FALSE
	EndGlobalSection
	GlobalSection(ExtensibilityGlobals) = postSolution
		SolutionGuid = {CCFD4D68-C4C3-45F4-A7E8-92295566E0D3}
	EndGlobalSection
EndGlobal
