
Microsoft Visual Studio Solution File, Format Version 12.00
# Visual Studio Version 17
VisualStudioVersion = 17.7.34202.233
MinimumVisualStudioVersion = 10.0.40219.1
Project("{FAE04EC0-301F-11D3-BF4B-00C04F79EFBC}") = "SistemaCadrasto", "SistemaCadrasto\SistemaCadrasto.csproj", "{E3013B90-E4CB-49F0-86E7-FDD7784A5795}"
EndProject
Global
	GlobalSection(SolutionConfigurationPlatforms) = preSolution
		Debug|Any CPU = Debug|Any CPU
		Release|Any CPU = Release|Any CPU
	EndGlobalSection
	GlobalSection(ProjectConfigurationPlatforms) = postSolution
		{E3013B90-E4CB-49F0-86E7-FDD7784A5795}.Debug|Any CPU.ActiveCfg = Debug|Any CPU
		{E3013B90-E4CB-49F0-86E7-FDD7784A5795}.Debug|Any CPU.Build.0 = Debug|Any CPU
		{E3013B90-E4CB-49F0-86E7-FDD7784A5795}.Release|Any CPU.ActiveCfg = Release|Any CPU
		{E3013B90-E4CB-49F0-86E7-FDD7784A5795}.Release|Any CPU.Build.0 = Release|Any CPU
	EndGlobalSection
	GlobalSection(SolutionProperties) = preSolution
		HideSolutionNode = FALSE
	EndGlobalSection
	GlobalSection(ExtensibilityGlobals) = postSolution
		SolutionGuid = {5949AF8F-988B-4B91-8E81-72832D21BC78}
	EndGlobalSection
EndGlobal
